
Microsoft Visual Studio Solution File, Format Version 12.00
# Visual Studio Version 16
VisualStudioVersion = 16.0.31515.178
MinimumVisualStudioVersion = 10.0.40219.1
Project("{FAE04EC0-301F-11D3-BF4B-00C04F79EFBC}") = "Order-API", "Order-API.csproj", "{6B3F3D59-E610-42F3-B11D-FEB04D0FFCDA}"
EndProject
Global
	GlobalSection(SolutionConfigurationPlatforms) = preSolution
		Debug|Any CPU = Debug|Any CPU
		Release|Any CPU = Release|Any CPU
	EndGlobalSection
	GlobalSection(ProjectConfigurationPlatforms) = postSolution
		{6B3F3D59-E610-42F3-B11D-FEB04D0FFCDA}.Debug|Any CPU.ActiveCfg = Debug|Any CPU
		{6B3F3D59-E610-42F3-B11D-FEB04D0FFCDA}.Debug|Any CPU.Build.0 = Debug|Any CPU
		{6B3F3D59-E610-42F3-B11D-FEB04D0FFCDA}.Release|Any CPU.ActiveCfg = Release|Any CPU
		{6B3F3D59-E610-42F3-B11D-FEB04D0FFCDA}.Release|Any CPU.Build.0 = Release|Any CPU
	EndGlobalSection
	GlobalSection(SolutionProperties) = preSolution
		HideSolutionNode = FALSE
	EndGlobalSection
	GlobalSection(ExtensibilityGlobals) = postSolution
		SolutionGuid = {7E6650C6-A6B1-40FA-A378-86EA44CBAD0D}
	EndGlobalSection
EndGlobal
